github.com/Jeffail/gabs/v2 v2.6.0 h1:WdCnGaDhNa4LSRTMwhLZzJ7SRDXjABNP13SOKvCpL5w=
github.com/Jeffail/gabs/v2 v2.6.0/go.mod h1:xCn81vdHKxFUuWWAaD5jCTQDNPBMh5pPs9IJ+NcziBI=
github.com/buger/jsonparser v1.1.1 h1:2PnMjfWD7wBILjqQbt530v576A/cAbQvEW9gGIpYMUs=
github.com/buger/jsonparser v1.1.1/go.mod h1:6RYKKt7H4d4+iWqouImQ9R2FZql3VbhNgx27UK13J/0=
